# THIS IS AN AUTOGENERATED FILE. DO NOT EDIT THIS FILE DIRECTLY.
# yarn lockfile v1


hunspell-spellchecker@^1.0.2:
  version "1.0.2"
  resolved "https://registry.yarnpkg.com/hunspell-spellchecker/-/hunspell-spellchecker-1.0.2.tgz#a10b0bd2fa00a65ab62a4c6b734ce496d318910e"
  integrity sha1-oQsL0voAplq2Kkxrc0zkltMYkQ4=
